// !$*UTF8*$!
{
	archiveVersion = 1;
	classes = {
	};
	objectVersion = 46;
	objects = {

/* Begin PBXBuildFile section */
		040050A61E26138D0076E037 /* AppDelegate.swift in Sources */ = {isa = PBXBuildFile; fileRef = 040050A51E26138D0076E037 /* AppDelegate.swift */; };
		040050A81E26138D0076E037 /* ViewController.swift in Sources */ = {isa = PBXBuildFile; fileRef = 040050A71E26138D0076E037 /* ViewController.swift */; };
		040050AB1E26138D0076E037 /* Main.storyboard in Resources */ = {isa = PBXBuildFile; fileRef = 040050A91E26138D0076E037 /* Main.storyboard */; };
		040050AD1E26138E0076E037 /* Assets.xcassets in Resources */ = {isa = PBXBuildFile; fileRef = 040050AC1E26138E0076E037 /* Assets.xcassets */; };
		040050B01E26138E0076E037 /* LaunchScreen.storyboard in Resources */ = {isa = PBXBuildFile; fileRef = 040050AE1E26138E0076E037 /* LaunchScreen.storyboard */; };
/* End PBXBuildFile section */

/* Begin PBXFileReference section */
		040050A21E26138D0076E037 /* SretchView.app */ = {isa = PBXFileReference; explicitFileType = wrapper.application; includeInIndex = 0; path = SretchView.app; sourceTree = BUILT_PRODUCTS_DIR; };
		040050A51E26138D0076E037 /* AppDelegate.swift */ = {isa = PBXFileReference; lastKnownFileType = sourcecode.swift; path = AppDelegate.swift; sourceTree = "<group>"; };
		040050A71E26138D0076E037 /* ViewController.swift */ = {isa = PBXFileReference; lastKnownFileType = sourcecode.swift; path = ViewController.swift; sourceTree = "<group>"; };
		040050AA1E26138D0076E037 /* Base */ = {isa = PBXFileReference; lastKnownFileType = file.storyboard; name = Base; path = Base.lproj/Main.storyboard; sourceTree = "<group>"; };
		040050AC1E26138E0076E037 /* Assets.xcassets */ = {isa = PBXFileReference; lastKnownFileType = folder.assetcatalog; path = Assets.xcassets; sourceTree = "<group>"; };
		040050AF1E26138E0076E037 /* Base */ = {isa = PBXFileReference; lastKnownFileType = file.storyboard; name = Base; path = Base.lproj/LaunchScreen.storyboard; sourceTree = "<group>"; };
		040050B11E26138E0076E037 /* Info.plist */ = {isa = PBXFileReference; lastKnownFileType = text.plist.xml; path = Info.plist; sourceTree = "<group>"; };
/* End PBXFileReference section */

/* Begin PBXFrameworksBuildPhase section */
		0400509F1E26138D0076E037 /* Frameworks */ = {
			isa = PBXFrameworksBuildPhase;
			buildActionMask = 2147483647;
			files = (
			);
			runOnlyForDeploymentPostprocessing = 0;
		};
/* End PBXFrameworksBuildPhase section */

/* Begin PBXGroup section */
		040050991E26138D0076E037 = {
			isa = PBXGroup;
			children = (
				040050A41E26138D0076E037 /* SretchView */,
				040050A31E26138D0076E037 /* Products */,
			);
			sourceTree = "<group>";
		};
		040050A31E26138D0076E037 /* Products */ = {
			isa = PBXGroup;
			children = (
				040050A21E26138D0076E037 /* SretchView.app */,
			);
			name = Products;
			sourceTree = "<group>";
		};
		040050A41E26138D0076E037 /* SretchView */ = {
			isa = PBXGroup;
			children = (
				040050A51E26138D0076E037 /* AppDelegate.swift */,
				040050A71E26138D0076E037 /* ViewController.swift */,
				040050A91E26138D0076E037 /* Main.storyboard */,
				040050AC1E26138E0076E037 /* Assets.xcassets */,
				040050AE1E26138E0076E037 /* LaunchScreen.storyboard */,
				040050B11E26138E0076E037 /* Info.plist */,
			);
			path = SretchView;
			sourceTree = "<group>";
		};
/* End PBXGroup section */

/* Begin PBXNativeTarget section */
		040050A11E26138D0076E037 /* SretchView */ = {
			isa = PBXNativeTarget;
			buildConfigurationList = 040050B41E26138E0076E037 /* Build configuration list for PBXNativeTarget "SretchView" */;
			buildPhases = (
				0400509E1E26138D0076E037 /* Sources */,
				0400509F1E26138D0076E037 /* Frameworks */,
				040050A01E26138D0076E037 /* Resources */,
			);
			buildRules = (
			);
			dependencies = (
			);
			name = SretchView;
			productName = SretchView;
			productReference = 040050A21E26138D0076E037 /* SretchView.app */;
			productType = "com.apple.product-type.application";
		};
/* End PBXNativeTarget section */

/* Begin PBXProject section */
		0400509A1E26138D0076E037 /* Project object */ = {
			isa = PBXProject;
			attributes = {
				LastSwiftUpdateCheck = 0810;
				LastUpgradeCheck = 0810;
				ORGANIZATIONNAME = com.SretchView;
				TargetAttributes = {
					040050A11E26138D0076E037 = {
						CreatedOnToolsVersion = 8.1;
						ProvisioningStyle = Automatic;
					};
				};
			};
			buildConfigurationList = 0400509D1E26138D0076E037 /* Build configuration list for PBXProject "SretchView" */;
			compatibilityVersion = "Xcode 3.2";
			developmentRegion = English;
			hasScannedForEncodings = 0;
			knownRegions = (
				en,
				Base,
			);
			mainGroup = 040050991E26138D0076E037;
			productRefGroup = 040050A31E26138D0076E037 /* Products */;
			projectDirPath = "";
			projectRoot = "";
			targets = (
				040050A11E26138D0076E037 /* SretchView */,
			);
		};
/* End PBXProject section */

/* Begin PBXResourcesBuildPhase section */
		040050A01E26138D0076E037 /* Resources */ = {
			isa = PBXResourcesBuildPhase;
			buildActionMask = 2147483647;
			files = (
				040050B01E26138E0076E037 /* LaunchScreen.storyboard in Resources */,
				040050AD1E26138E0076E037 /* Assets.xcassets in Resources */,
				040050AB1E26138D0076E037 /* Main.storyboard in Resources */,
			);
			runOnlyForDeploymentPostprocessing = 0;
		};
/* End PBXResourcesBuildPhase section */

/* Begin PBXSourcesBuildPhase section */
		0400509E1E26138D0076E037 /* Sources */ = {
			isa = PBXSourcesBuildPhase;
			buildActionMask = 2147483647;
			files = (
				040050A81E26138D0076E037 /* ViewController.swift in Sources */,
				040050A61E26138D0076E037 /* AppDelegate.swift in Sources */,
			);
			runOnlyForDeploymentPostprocessing = 0;
		};
/* End PBXSourcesBuildPhase section */

/* Begin PBXVariantGroup section */
		040050A91E26138D0076E037 /* Main.storyboard */ = {
			isa = PBXVariantGroup;
			children = (
				040050AA1E26138D0076E037 /* Base */,
			);
			name = Main.storyboard;
			sourceTree = "<group>";
		};
		040050AE1E26138E0076E037 /* LaunchScreen.storyboard */ = {
			isa = PBXVariantGroup;
			children = (
				040050AF1E26138E0076E037 /* Base */,
			);
			name = LaunchScreen.storyboard;
			sourceTree = "<group>";
		};
/* End PBXVariantGroup section */

/* Begin XCBuildConfiguration section */
		040050B21E26138E0076E037 /* Debug */ = {
			isa = XCBuildConfiguration;
			buildSettings = {
				ALWAYS_SEARCH_USER_PATHS = NO;
				CLANG_ANALYZER_NONNULL = YES;
				CLANG_CXX_LANGUAGE_STANDARD = "gnu++0x";
				CLANG_CXX_LIBRARY = "libc++";
				CLANG_ENABLE_MODULES = YES;
				CLANG_ENABLE_OBJC_ARC = YES;
				CLANG_WARN_BOOL_CONVERSION = YES;
				CLANG_WARN_CONSTANT_CONVERSION = YES;
				CLANG_WARN_DIRECT_OBJC_ISA_USAGE = YES_ERROR;
				CLANG_WARN_DOCUMENTATION_COMMENTS = YES;
				CLANG_WARN_EMPTY_BODY = YES;
				CLANG_WARN_ENUM_CONVERSION = YES;
				CLANG_WARN_INFINITE_RECURSION = YES;
				CLANG_WARN_INT_CONVERSION = YES;
				CLANG_WARN_OBJC_ROOT_CLASS = YES_ERROR;
				CLANG_WARN_SUSPICIOUS_MOVES = YES;
				CLANG_WARN_UNREACHABLE_CODE = YES;
				CLANG_WARN__DUPLICATE_METHOD_MATCH = YES;
				"CODE_SIGN_IDENTITY[sdk=iphoneos*]" = "iPhone Developer";
				COPY_PHASE_STRIP = NO;
				DEBUG_INFORMATION_FORMAT = dwarf;
				ENABLE_STRICT_OBJC_MSGSEND = YES;
				ENABLE_TESTABILITY = YES;
				GCC_C_LANGUAGE_STANDARD = gnu99;
				GCC_DYNAMIC_NO_PIC = NO;
				GCC_NO_COMMON_BLOCKS = YES;
				GCC_OPTIMIZATION_LEVEL = 0;
				GCC_PREPROCESSOR_DEFINITIONS = (
					"DEBUG=1",
					"$(inherited)",
				);
				GCC_WARN_64_TO_32_BIT_CONVERSION = YES;
				GCC_WARN_ABOUT_RETURN_TYPE = YES_ERROR;
				GCC_WARN_UNDECLARED_SELECTOR = YES;
				GCC_WARN_UNINITIALIZED_AUTOS = YES_AGGRESSIVE;
				GCC_WARN_UNUSED_FUNCTION = YES;
				GCC_WARN_UNUSED_VARIABLE = YES;
				IPHONEOS_DEPLOYMENT_TARGET = 10.1;
				MTL_ENABLE_DEBUG_INFO = YES;
				ONLY_ACTIVE_ARCH = YES;
				SDKROOT = iphoneos;
				SWIFT_ACTIVE_COMPILATION_CONDITIONS = DEBUG;
				SWIFT_OPTIMIZATION_LEVEL = "-Onone";
				TARGETED_DEVICE_FAMILY = "1,2";
			};
			name = Debug;
		};
		040050B31E26138E0076E037 /* Release */ = {
			isa = XCBuildConfiguration;
			buildSettings = {
				ALWAYS_SEARCH_USER_PATHS = NO;
				CLANG_ANALYZER_NONNULL = YES;
				CLANG_CXX_LANGUAGE_STANDARD = "gnu++0x";
				CLANG_CXX_LIBRARY = "libc++";
				CLANG_ENABLE_MODULES = YES;
				CLANG_ENABLE_OBJC_ARC = YES;
				CLANG_WARN_BOOL_CONVERSION = YES;
				CLANG_WARN_CONSTANT_CONVERSION = YES;
				CLANG_WARN_DIRECT_OBJC_ISA_USAGE = YES_ERROR;
				CLANG_WARN_DOCUMENTATION_COMMENTS = YES;
				CLANG_WARN_EMPTY_BODY = YES;
				CLANG_WARN_ENUM_CONVERSION = YES;
				CLANG_WARN_INFINITE_RECURSION = YES;
				CLANG_WARN_INT_CONVERSION = YES;
				CLANG_WARN_OBJC_ROOT_CLASS = YES_ERROR;
				CLANG_WARN_SUSPICIOUS_MOVES = YES;
				CLANG_WARN_UNREACHABLE_CODE = YES;
				CLANG_WARN__DUPLICATE_METHOD_MATCH = YES;
				"CODE_SIGN_IDENTITY[sdk=iphoneos*]" = "iPhone Developer";
				COPY_PHASE_STRIP = NO;
				DEBUG_INFORMATION_FORMAT = "dwarf-with-dsym";
				ENABLE_NS_ASSERTIONS = NO;
				ENABLE_STRICT_OBJC_MSGSEND = YES;
				GCC_C_LANGUAGE_STANDARD = gnu99;
				GCC_NO_COMMON_BLOCKS = YES;
				GCC_WARN_64_TO_32_BIT_CONVERSION = YES;
				GCC_WARN_ABOUT_RETURN_TYPE = YES_ERROR;
				GCC_WARN_UNDECLARED_SELECTOR = YES;
				GCC_WARN_UNINITIALIZED_AUTOS = YES_AGGRESSIVE;
				GCC_WARN_UNUSED_FUNCTION = YES;
				GCC_WARN_UNUSED_VARIABLE = YES;
				IPHONEOS_DEPLOYMENT_TARGET = 10.1;
				MTL_ENABLE_DEBUG_INFO = NO;
				SDKROOT = iphoneos;
				SWIFT_OPTIMIZATION_LEVEL = "-Owholemodule";
				TARGETED_DEVICE_FAMILY = "1,2";
				VALIDATE_PRODUCT = YES;
			};
			name = Release;
		};
		040050B51E26138E0076E037 /* Debug */ = {
			isa = XCBuildConfiguration;
			buildSettings = {
				ASSETCATALOG_COMPILER_APPICON_NAME = AppIcon;
				INFOPLIST_FILE = SretchView/Info.plist;
				LD_RUNPATH_SEARCH_PATHS = "$(inherited) @executable_path/Frameworks";
				PRODUCT_BUNDLE_IDENTIFIER = SretchView.SretchView;
				PRODUCT_NAME = "$(TARGET_NAME)";
				SWIFT_VERSION = 3.0;
			};
			name = Debug;
		};
		040050B61E26138E0076E037 /* Release */ = {
			isa = XCBuildConfiguration;
			buildSettings = {
				ASSETCATALOG_COMPILER_APPICON_NAME = AppIcon;
				INFOPLIST_FILE = SretchView/Info.plist;
				LD_RUNPATH_SEARCH_PATHS = "$(inherited) @executable_path/Frameworks";
				PRODUCT_BUNDLE_IDENTIFIER = SretchView.SretchView;
				PRODUCT_NAME = "$(TARGET_NAME)";
				SWIFT_VERSION = 3.0;
			};
			name = Release;
		};
/* End XCBuildConfiguration section */

/* Begin XCConfigurationList section */
		0400509D1E26138D0076E037 /* Build configuration list for PBXProject "SretchView" */ = {
			isa = XCConfigurationList;
			buildConfigurations = (
				040050B21E26138E0076E037 /* Debug */,
				040050B31E26138E0076E037 /* Release */,
			);
			defaultConfigurationIsVisible = 0;
			defaultConfigurationName = Release;
		};
		040050B41E26138E0076E037 /* Build configuration list for PBXNativeTarget "SretchView" */ = {
			isa = XCConfigurationList;
			buildConfigurations = (
				040050B51E26138E0076E037 /* Debug */,
				040050B61E26138E0076E037 /* Release */,
			);
			defaultConfigurationIsVisible = 0;
		};
/* End XCConfigurationList section */
	};
	rootObject = 0400509A1E26138D0076E037 /* Project object */;
}
