// !$*UTF8*$!
{
	archiveVersion = 1;
	classes = {
	};
	objectVersion = 46;
	objects = {

/* Begin PBXBuildFile section */
		040050811E2518340076E037 /* AppDelegate.swift in Sources */ = {isa = PBXBuildFile; fileRef = 040050801E2518340076E037 /* AppDelegate.swift */; };
		040050831E2518340076E037 /* ViewController.swift in Sources */ = {isa = PBXBuildFile; fileRef = 040050821E2518340076E037 /* ViewController.swift */; };
		040050861E2518340076E037 /* Main.storyboard in Resources */ = {isa = PBXBuildFile; fileRef = 040050841E2518340076E037 /* Main.storyboard */; };
		040050881E2518340076E037 /* Assets.xcassets in Resources */ = {isa = PBXBuildFile; fileRef = 040050871E2518340076E037 /* Assets.xcassets */; };
		0400508B1E2518340076E037 /* LaunchScreen.storyboard in Resources */ = {isa = PBXBuildFile; fileRef = 040050891E2518340076E037 /* LaunchScreen.storyboard */; };
		040050931E2518580076E037 /* CustomAnimationView.swift in Sources */ = {isa = PBXBuildFile; fileRef = 040050921E2518580076E037 /* CustomAnimationView.swift */; };
/* End PBXBuildFile section */

/* Begin PBXFileReference section */
		0400507D1E2518330076E037 /* RefreshAnimation.app */ = {isa = PBXFileReference; explicitFileType = wrapper.application; includeInIndex = 0; path = RefreshAnimation.app; sourceTree = BUILT_PRODUCTS_DIR; };
		040050801E2518340076E037 /* AppDelegate.swift */ = {isa = PBXFileReference; lastKnownFileType = sourcecode.swift; path = AppDelegate.swift; sourceTree = "<group>"; };
		040050821E2518340076E037 /* ViewController.swift */ = {isa = PBXFileReference; lastKnownFileType = sourcecode.swift; path = ViewController.swift; sourceTree = "<group>"; };
		040050851E2518340076E037 /* Base */ = {isa = PBXFileReference; lastKnownFileType = file.storyboard; name = Base; path = Base.lproj/Main.storyboard; sourceTree = "<group>"; };
		040050871E2518340076E037 /* Assets.xcassets */ = {isa = PBXFileReference; lastKnownFileType = folder.assetcatalog; path = Assets.xcassets; sourceTree = "<group>"; };
		0400508A1E2518340076E037 /* Base */ = {isa = PBXFileReference; lastKnownFileType = file.storyboard; name = Base; path = Base.lproj/LaunchScreen.storyboard; sourceTree = "<group>"; };
		0400508C1E2518340076E037 /* Info.plist */ = {isa = PBXFileReference; lastKnownFileType = text.plist.xml; path = Info.plist; sourceTree = "<group>"; };
		040050921E2518580076E037 /* CustomAnimationView.swift */ = {isa = PBXFileReference; fileEncoding = 4; lastKnownFileType = sourcecode.swift; path = CustomAnimationView.swift; sourceTree = "<group>"; };
/* End PBXFileReference section */

/* Begin PBXFrameworksBuildPhase section */
		0400507A1E2518330076E037 /* Frameworks */ = {
			isa = PBXFrameworksBuildPhase;
			buildActionMask = 2147483647;
			files = (
			);
			runOnlyForDeploymentPostprocessing = 0;
		};
/* End PBXFrameworksBuildPhase section */

/* Begin PBXGroup section */
		040050741E2518330076E037 = {
			isa = PBXGroup;
			children = (
				0400507F1E2518330076E037 /* RefreshAnimation */,
				0400507E1E2518330076E037 /* Products */,
			);
			sourceTree = "<group>";
		};
		0400507E1E2518330076E037 /* Products */ = {
			isa = PBXGroup;
			children = (
				0400507D1E2518330076E037 /* RefreshAnimation.app */,
			);
			name = Products;
			sourceTree = "<group>";
		};
		0400507F1E2518330076E037 /* RefreshAnimation */ = {
			isa = PBXGroup;
			children = (
				040050921E2518580076E037 /* CustomAnimationView.swift */,
				040050801E2518340076E037 /* AppDelegate.swift */,
				040050821E2518340076E037 /* ViewController.swift */,
				040050841E2518340076E037 /* Main.storyboard */,
				040050871E2518340076E037 /* Assets.xcassets */,
				040050891E2518340076E037 /* LaunchScreen.storyboard */,
				0400508C1E2518340076E037 /* Info.plist */,
			);
			path = RefreshAnimation;
			sourceTree = "<group>";
		};
/* End PBXGroup section */

/* Begin PBXNativeTarget section */
		0400507C1E2518330076E037 /* RefreshAnimation */ = {
			isa = PBXNativeTarget;
			buildConfigurationList = 0400508F1E2518340076E037 /* Build configuration list for PBXNativeTarget "RefreshAnimation" */;
			buildPhases = (
				040050791E2518330076E037 /* Sources */,
				0400507A1E2518330076E037 /* Frameworks */,
				0400507B1E2518330076E037 /* Resources */,
			);
			buildRules = (
			);
			dependencies = (
			);
			name = RefreshAnimation;
			productName = RefreshAnimation;
			productReference = 0400507D1E2518330076E037 /* RefreshAnimation.app */;
			productType = "com.apple.product-type.application";
		};
/* End PBXNativeTarget section */

/* Begin PBXProject section */
		040050751E2518330076E037 /* Project object */ = {
			isa = PBXProject;
			attributes = {
				LastSwiftUpdateCheck = 0810;
				LastUpgradeCheck = 0810;
				ORGANIZATIONNAME = com.RefreshAnimation;
				TargetAttributes = {
					0400507C1E2518330076E037 = {
						CreatedOnToolsVersion = 8.1;
						ProvisioningStyle = Automatic;
					};
				};
			};
			buildConfigurationList = 040050781E2518330076E037 /* Build configuration list for PBXProject "RefreshAnimation" */;
			compatibilityVersion = "Xcode 3.2";
			developmentRegion = English;
			hasScannedForEncodings = 0;
			knownRegions = (
				en,
				Base,
			);
			mainGroup = 040050741E2518330076E037;
			productRefGroup = 0400507E1E2518330076E037 /* Products */;
			projectDirPath = "";
			projectRoot = "";
			targets = (
				0400507C1E2518330076E037 /* RefreshAnimation */,
			);
		};
/* End PBXProject section */

/* Begin PBXResourcesBuildPhase section */
		0400507B1E2518330076E037 /* Resources */ = {
			isa = PBXResourcesBuildPhase;
			buildActionMask = 2147483647;
			files = (
				0400508B1E2518340076E037 /* LaunchScreen.storyboard in Resources */,
				040050881E2518340076E037 /* Assets.xcassets in Resources */,
				040050861E2518340076E037 /* Main.storyboard in Resources */,
			);
			runOnlyForDeploymentPostprocessing = 0;
		};
/* End PBXResourcesBuildPhase section */

/* Begin PBXSourcesBuildPhase section */
		040050791E2518330076E037 /* Sources */ = {
			isa = PBXSourcesBuildPhase;
			buildActionMask = 2147483647;
			files = (
				040050931E2518580076E037 /* CustomAnimationView.swift in Sources */,
				040050831E2518340076E037 /* ViewController.swift in Sources */,
				040050811E2518340076E037 /* AppDelegate.swift in Sources */,
			);
			runOnlyForDeploymentPostprocessing = 0;
		};
/* End PBXSourcesBuildPhase section */

/* Begin PBXVariantGroup section */
		040050841E2518340076E037 /* Main.storyboard */ = {
			isa = PBXVariantGroup;
			children = (
				040050851E2518340076E037 /* Base */,
			);
			name = Main.storyboard;
			sourceTree = "<group>";
		};
		040050891E2518340076E037 /* LaunchScreen.storyboard */ = {
			isa = PBXVariantGroup;
			children = (
				0400508A1E2518340076E037 /* Base */,
			);
			name = LaunchScreen.storyboard;
			sourceTree = "<group>";
		};
/* End PBXVariantGroup section */

/* Begin XCBuildConfiguration section */
		0400508D1E2518340076E037 /* Debug */ = {
			isa = XCBuildConfiguration;
			buildSettings = {
				ALWAYS_SEARCH_USER_PATHS = NO;
				CLANG_ANALYZER_NONNULL = YES;
				CLANG_CXX_LANGUAGE_STANDARD = "gnu++0x";
				CLANG_CXX_LIBRARY = "libc++";
				CLANG_ENABLE_MODULES = YES;
				CLANG_ENABLE_OBJC_ARC = YES;
				CLANG_WARN_BOOL_CONVERSION = YES;
				CLANG_WARN_CONSTANT_CONVERSION = YES;
				CLANG_WARN_DIRECT_OBJC_ISA_USAGE = YES_ERROR;
				CLANG_WARN_DOCUMENTATION_COMMENTS = YES;
				CLANG_WARN_EMPTY_BODY = YES;
				CLANG_WARN_ENUM_CONVERSION = YES;
				CLANG_WARN_INFINITE_RECURSION = YES;
				CLANG_WARN_INT_CONVERSION = YES;
				CLANG_WARN_OBJC_ROOT_CLASS = YES_ERROR;
				CLANG_WARN_SUSPICIOUS_MOVES = YES;
				CLANG_WARN_UNREACHABLE_CODE = YES;
				CLANG_WARN__DUPLICATE_METHOD_MATCH = YES;
				"CODE_SIGN_IDENTITY[sdk=iphoneos*]" = "iPhone Developer";
				COPY_PHASE_STRIP = NO;
				DEBUG_INFORMATION_FORMAT = dwarf;
				ENABLE_STRICT_OBJC_MSGSEND = YES;
				ENABLE_TESTABILITY = YES;
				GCC_C_LANGUAGE_STANDARD = gnu99;
				GCC_DYNAMIC_NO_PIC = NO;
				GCC_NO_COMMON_BLOCKS = YES;
				GCC_OPTIMIZATION_LEVEL = 0;
				GCC_PREPROCESSOR_DEFINITIONS = (
					"DEBUG=1",
					"$(inherited)",
				);
				GCC_WARN_64_TO_32_BIT_CONVERSION = YES;
				GCC_WARN_ABOUT_RETURN_TYPE = YES_ERROR;
				GCC_WARN_UNDECLARED_SELECTOR = YES;
				GCC_WARN_UNINITIALIZED_AUTOS = YES_AGGRESSIVE;
				GCC_WARN_UNUSED_FUNCTION = YES;
				GCC_WARN_UNUSED_VARIABLE = YES;
				IPHONEOS_DEPLOYMENT_TARGET = 10.1;
				MTL_ENABLE_DEBUG_INFO = YES;
				ONLY_ACTIVE_ARCH = YES;
				SDKROOT = iphoneos;
				SWIFT_ACTIVE_COMPILATION_CONDITIONS = DEBUG;
				SWIFT_OPTIMIZATION_LEVEL = "-Onone";
				TARGETED_DEVICE_FAMILY = "1,2";
			};
			name = Debug;
		};
		0400508E1E2518340076E037 /* Release */ = {
			isa = XCBuildConfiguration;
			buildSettings = {
				ALWAYS_SEARCH_USER_PATHS = NO;
				CLANG_ANALYZER_NONNULL = YES;
				CLANG_CXX_LANGUAGE_STANDARD = "gnu++0x";
				CLANG_CXX_LIBRARY = "libc++";
				CLANG_ENABLE_MODULES = YES;
				CLANG_ENABLE_OBJC_ARC = YES;
				CLANG_WARN_BOOL_CONVERSION = YES;
				CLANG_WARN_CONSTANT_CONVERSION = YES;
				CLANG_WARN_DIRECT_OBJC_ISA_USAGE = YES_ERROR;
				CLANG_WARN_DOCUMENTATION_COMMENTS = YES;
				CLANG_WARN_EMPTY_BODY = YES;
				CLANG_WARN_ENUM_CONVERSION = YES;
				CLANG_WARN_INFINITE_RECURSION = YES;
				CLANG_WARN_INT_CONVERSION = YES;
				CLANG_WARN_OBJC_ROOT_CLASS = YES_ERROR;
				CLANG_WARN_SUSPICIOUS_MOVES = YES;
				CLANG_WARN_UNREACHABLE_CODE = YES;
				CLANG_WARN__DUPLICATE_METHOD_MATCH = YES;
				"CODE_SIGN_IDENTITY[sdk=iphoneos*]" = "iPhone Developer";
				COPY_PHASE_STRIP = NO;
				DEBUG_INFORMATION_FORMAT = "dwarf-with-dsym";
				ENABLE_NS_ASSERTIONS = NO;
				ENABLE_STRICT_OBJC_MSGSEND = YES;
				GCC_C_LANGUAGE_STANDARD = gnu99;
				GCC_NO_COMMON_BLOCKS = YES;
				GCC_WARN_64_TO_32_BIT_CONVERSION = YES;
				GCC_WARN_ABOUT_RETURN_TYPE = YES_ERROR;
				GCC_WARN_UNDECLARED_SELECTOR = YES;
				GCC_WARN_UNINITIALIZED_AUTOS = YES_AGGRESSIVE;
				GCC_WARN_UNUSED_FUNCTION = YES;
				GCC_WARN_UNUSED_VARIABLE = YES;
				IPHONEOS_DEPLOYMENT_TARGET = 10.1;
				MTL_ENABLE_DEBUG_INFO = NO;
				SDKROOT = iphoneos;
				SWIFT_OPTIMIZATION_LEVEL = "-Owholemodule";
				TARGETED_DEVICE_FAMILY = "1,2";
				VALIDATE_PRODUCT = YES;
			};
			name = Release;
		};
		040050901E2518340076E037 /* Debug */ = {
			isa = XCBuildConfiguration;
			buildSettings = {
				ASSETCATALOG_COMPILER_APPICON_NAME = AppIcon;
				INFOPLIST_FILE = RefreshAnimation/Info.plist;
				LD_RUNPATH_SEARCH_PATHS = "$(inherited) @executable_path/Frameworks";
				PRODUCT_BUNDLE_IDENTIFIER = RefreshAnimation.RefreshAnimation;
				PRODUCT_NAME = "$(TARGET_NAME)";
				SWIFT_VERSION = 3.0;
			};
			name = Debug;
		};
		040050911E2518340076E037 /* Release */ = {
			isa = XCBuildConfiguration;
			buildSettings = {
				ASSETCATALOG_COMPILER_APPICON_NAME = AppIcon;
				INFOPLIST_FILE = RefreshAnimation/Info.plist;
				LD_RUNPATH_SEARCH_PATHS = "$(inherited) @executable_path/Frameworks";
				PRODUCT_BUNDLE_IDENTIFIER = RefreshAnimation.RefreshAnimation;
				PRODUCT_NAME = "$(TARGET_NAME)";
				SWIFT_VERSION = 3.0;
			};
			name = Release;
		};
/* End XCBuildConfiguration section */

/* Begin XCConfigurationList section */
		040050781E2518330076E037 /* Build configuration list for PBXProject "RefreshAnimation" */ = {
			isa = XCConfigurationList;
			buildConfigurations = (
				0400508D1E2518340076E037 /* Debug */,
				0400508E1E2518340076E037 /* Release */,
			);
			defaultConfigurationIsVisible = 0;
			defaultConfigurationName = Release;
		};
		0400508F1E2518340076E037 /* Build configuration list for PBXNativeTarget "RefreshAnimation" */ = {
			isa = XCConfigurationList;
			buildConfigurations = (
				040050901E2518340076E037 /* Debug */,
				040050911E2518340076E037 /* Release */,
			);
			defaultConfigurationIsVisible = 0;
		};
/* End XCConfigurationList section */
	};
	rootObject = 040050751E2518330076E037 /* Project object */;
}
